{
  "name": "sandbox",
  "version": "0.0.0",
  "lockfileVersion": 2,
  "requires": true,
  "packages": {
    "": {
      "name": "sandbox",
      "version": "0.0.0",
      "dependencies": {
        "@babel/standalone": "^7.16.12",
        "acorn": "^8.7.0",
        "escodegen": "^2.0.0",
        "lodash": "^4.17.21",
        "object-path": "^0.11.8",
        "react": "^17.0.2",
        "react-dom": "^17.0.2"
      },
      "devDependencies": {
        "@types/lodash": "^4.14.178",
        "@types/react": "^17.0.33",
        "@types/react-dom": "^17.0.10",
        "@vitejs/plugin-react": "^1.0.7",
        "typescript": "^4.4.4",
        "vite": "^2.7.2"
      }
    },
    "../../../node_modules/.pnpm/@babel+standalone@7.16.12/node_modules/@babel/standalone": {
      "version": "7.16.12",
      "license": "MIT",
      "devDependencies": {
        "@babel/core": "^7.16.12",
        "@babel/plugin-external-helpers": "^7.16.7",
        "@babel/plugin-proposal-async-generator-functions": "^7.16.8",
        "@babel/plugin-proposal-class-properties": "^7.16.7",
        "@babel/plugin-proposal-class-static-block": "^7.16.7",
        "@babel/plugin-proposal-decorators": "^7.16.7",
        "@babel/plugin-proposal-do-expressions": "^7.16.7",
        "@babel/plugin-proposal-dynamic-import": "^7.16.7",
        "@babel/plugin-proposal-export-default-from": "^7.16.7",
        "@babel/plugin-proposal-export-namespace-from": "^7.16.7",
        "@babel/plugin-proposal-function-bind": "^7.16.7",
        "@babel/plugin-proposal-function-sent": "^7.16.7",
        "@babel/plugin-proposal-json-strings": "^7.16.7",
        "@babel/plugin-proposal-logical-assignment-operators": "^7.16.7",
        "@babel/plugin-proposal-nullish-coalescing-operator": "^7.16.7",
        "@babel/plugin-proposal-numeric-separator": "^7.16.7",
        "@babel/plugin-proposal-object-rest-spread": "^7.16.7",
        "@babel/plugin-proposal-optional-catch-binding": "^7.16.7",
        "@babel/plugin-proposal-optional-chaining": "^7.16.7",
        "@babel/plugin-proposal-pipeline-operator": "^7.16.7",
        "@babel/plugin-proposal-private-methods": "^7.16.11",
        "@babel/plugin-proposal-private-property-in-object": "^7.16.7",
        "@babel/plugin-proposal-throw-expressions": "^7.16.7",
        "@babel/plugin-proposal-unicode-property-regex": "^7.16.7",
        "@babel/plugin-syntax-async-generators": "^7.8.4",
        "@babel/plugin-syntax-class-properties": "^7.12.13",
        "@babel/plugin-syntax-class-static-block": "^7.14.5",
        "@babel/plugin-syntax-decimal": "^7.16.7",
        "@babel/plugin-syntax-decorators": "^7.16.7",
        "@babel/plugin-syntax-do-expressions": "^7.16.7",
        "@babel/plugin-syntax-export-default-from": "^7.16.7",
        "@babel/plugin-syntax-flow": "^7.16.7",
        "@babel/plugin-syntax-function-bind": "^7.16.7",
        "@babel/plugin-syntax-function-sent": "^7.16.7",
        "@babel/plugin-syntax-import-assertions": "^7.16.7",
        "@babel/plugin-syntax-import-meta": "^7.10.4",
        "@babel/plugin-syntax-jsx": "^7.16.7",
        "@babel/plugin-syntax-module-blocks": "^7.16.7",
        "@babel/plugin-syntax-object-rest-spread": "^7.8.3",
        "@babel/plugin-syntax-optional-catch-binding": "^7.8.3",
        "@babel/plugin-syntax-pipeline-operator": "^7.16.7",
        "@babel/plugin-syntax-record-and-tuple": "^7.16.7",
        "@babel/plugin-syntax-top-level-await": "^7.14.5",
        "@babel/plugin-syntax-typescript": "^7.16.7",
        "@babel/plugin-transform-arrow-functions": "^7.16.7",
        "@babel/plugin-transform-async-to-generator": "^7.16.8",
        "@babel/plugin-transform-block-scoped-functions": "^7.16.7",
        "@babel/plugin-transform-block-scoping": "^7.16.7",
        "@babel/plugin-transform-classes": "^7.16.7",
        "@babel/plugin-transform-computed-properties": "^7.16.7",
        "@babel/plugin-transform-destructuring": "^7.16.7",
        "@babel/plugin-transform-dotall-regex": "^7.16.7",
        "@babel/plugin-transform-duplicate-keys": "^7.16.7",
        "@babel/plugin-transform-exponentiation-operator": "^7.16.7",
        "@babel/plugin-transform-flow-comments": "^7.16.7",
        "@babel/plugin-transform-flow-strip-types": "^7.16.7",
        "@babel/plugin-transform-for-of": "^7.16.7",
        "@babel/plugin-transform-function-name": "^7.16.7",
        "@babel/plugin-transform-instanceof": "^7.16.7",
        "@babel/plugin-transform-jscript": "^7.16.7",
        "@babel/plugin-transform-literals": "^7.16.7",
        "@babel/plugin-transform-member-expression-literals": "^7.16.7",
        "@babel/plugin-transform-modules-amd": "^7.16.7",
        "@babel/plugin-transform-modules-commonjs": "^7.16.8",
        "@babel/plugin-transform-modules-systemjs": "^7.16.7",
        "@babel/plugin-transform-modules-umd": "^7.16.7",
        "@babel/plugin-transform-named-capturing-groups-regex": "^7.16.8",
        "@babel/plugin-transform-new-target": "^7.16.7",
        "@babel/plugin-transform-object-assign": "^7.16.7",
        "@babel/plugin-transform-object-set-prototype-of-to-assign": "^7.16.7",
        "@babel/plugin-transform-object-super": "^7.16.7",
        "@babel/plugin-transform-parameters": "^7.16.7",
        "@babel/plugin-transform-property-literals": "^7.16.7",
        "@babel/plugin-transform-property-mutators": "^7.16.7",
        "@babel/plugin-transform-proto-to-assign": "^7.16.7",
        "@babel/plugin-transform-react-constant-elements": "^7.16.7",
        "@babel/plugin-transform-react-display-name": "^7.16.7",
        "@babel/plugin-transform-react-inline-elements": "^7.16.7",
        "@babel/plugin-transform-react-jsx": "^7.16.7",
        "@babel/plugin-transform-react-jsx-compat": "^7.16.7",
        "@babel/plugin-transform-react-jsx-development": "^7.16.7",
        "@babel/plugin-transform-react-jsx-self": "^7.16.7",
        "@babel/plugin-transform-react-jsx-source": "^7.16.7",
        "@babel/plugin-transform-regenerator": "^7.16.7",
        "@babel/plugin-transform-reserved-words": "^7.16.7",
        "@babel/plugin-transform-runtime": "^7.16.10",
        "@babel/plugin-transform-shorthand-properties": "^7.16.7",
        "@babel/plugin-transform-spread": "^7.16.7",
        "@babel/plugin-transform-sticky-regex": "^7.16.7",
        "@babel/plugin-transform-strict-mode": "^7.16.7",
        "@babel/plugin-transform-template-literals": "^7.16.7",
        "@babel/plugin-transform-typeof-symbol": "^7.16.7",
        "@babel/plugin-transform-typescript": "^7.16.8",
        "@babel/plugin-transform-unicode-escapes": "^7.16.7",
        "@babel/plugin-transform-unicode-regex": "^7.16.7",
        "@babel/preset-env": "^7.16.11",
        "@babel/preset-flow": "^7.16.7",
        "@babel/preset-react": "^7.16.7",
        "@babel/preset-typescript": "^7.16.7"
      },
      "engines": {
        "node": ">=6.9.0"
      }
    },
    "../../../node_modules/.pnpm/@types+react-dom@17.0.11/node_modules/@types/react-dom": {
      "version": "17.0.11",
      "dev": true,
      "license": "MIT",
      "dependencies": {
        "@types/react": "*"
      }
    },
    "../../../node_modules/.pnpm/@types+react@17.0.38/node_modules/@types/react": {
      "version": "17.0.38",
      "dev": true,
      "license": "MIT",
      "dependencies": {
        "@types/prop-types": "*",
        "@types/scheduler": "*",
        "csstype": "^3.0.2"
      }
    },
    "../../../node_modules/.pnpm/@vitejs+plugin-react@1.1.4/node_modules/@vitejs/plugin-react": {
      "version": "1.1.4",
      "dev": true,
      "license": "MIT",
      "dependencies": {
        "@babel/core": "^7.16.5",
        "@babel/plugin-transform-react-jsx": "^7.16.5",
        "@babel/plugin-transform-react-jsx-development": "^7.16.5",
        "@babel/plugin-transform-react-jsx-self": "^7.16.5",
        "@babel/plugin-transform-react-jsx-source": "^7.16.5",
        "@rollup/pluginutils": "^4.1.2",
        "react-refresh": "^0.11.0",
        "resolve": "^1.20.0"
      },
      "engines": {
        "node": ">=12.0.0"
      }
    },
    "../../../node_modules/.pnpm/acorn@8.7.0/node_modules/acorn": {
      "version": "8.7.0",
      "license": "MIT",
      "bin": {
        "acorn": "bin/acorn"
      },
      "engines": {
        "node": ">=0.4.0"
      }
    },
    "../../../node_modules/.pnpm/escodegen@2.0.0/node_modules/escodegen": {
      "version": "2.0.0",
      "license": "BSD-2-Clause",
      "dependencies": {
        "esprima": "^4.0.1",
        "estraverse": "^5.2.0",
        "esutils": "^2.0.2",
        "optionator": "^0.8.1"
      },
      "bin": {
        "escodegen": "bin/escodegen.js",
        "esgenerate": "bin/esgenerate.js"
      },
      "devDependencies": {
        "acorn": "^7.3.1",
        "bluebird": "^3.4.7",
        "bower-registry-client": "^1.0.0",
        "chai": "^4.2.0",
        "chai-exclude": "^2.0.2",
        "commonjs-everywhere": "^0.9.7",
        "gulp": "^3.8.10",
        "gulp-eslint": "^3.0.1",
        "gulp-mocha": "^3.0.1",
        "semver": "^5.1.0"
      },
      "engines": {
        "node": ">=6.0"
      },
      "optionalDependencies": {
        "source-map": "~0.6.1"
      }
    },
    "../../../node_modules/.pnpm/lodash@4.17.21/node_modules/lodash": {
      "version": "4.17.21",
      "license": "MIT"
    },
    "../../../node_modules/.pnpm/object-path@0.11.8/node_modules/object-path": {
      "version": "0.11.8",
      "license": "MIT",
      "devDependencies": {
        "@mariocasciaro/benchpress": "^0.1.3",
        "chai": "^4.3.4",
        "coveralls": "^3.1.1",
        "mocha": "^9.1.0",
        "mocha-lcov-reporter": "^1.3.0",
        "nyc": "^15.1.0"
      },
      "engines": {
        "node": ">= 10.12.0"
      }
    },
    "../../../node_modules/.pnpm/react-dom@17.0.2_react@17.0.2/node_modules/react-dom": {
      "version": "17.0.2",
      "license": "MIT",
      "dependencies": {
        "loose-envify": "^1.1.0",
        "object-assign": "^4.1.1",
        "scheduler": "^0.20.2"
      },
      "peerDependencies": {
        "react": "17.0.2"
      }
    },
    "../../../node_modules/.pnpm/react@17.0.2/node_modules/react": {
      "version": "17.0.2",
      "license": "MIT",
      "dependencies": {
        "loose-envify": "^1.1.0",
        "object-assign": "^4.1.1"
      },
      "engines": {
        "node": ">=0.10.0"
      }
    },
    "../../../node_modules/.pnpm/typescript@4.5.4/node_modules/typescript": {
      "version": "4.5.4",
      "dev": true,
      "license": "Apache-2.0",
      "bin": {
        "tsc": "bin/tsc",
        "tsserver": "bin/tsserver"
      },
      "devDependencies": {
        "@octokit/rest": "latest",
        "@types/browserify": "latest",
        "@types/chai": "latest",
        "@types/convert-source-map": "latest",
        "@types/glob": "latest",
        "@types/gulp": "^4.0.9",
        "@types/gulp-concat": "latest",
        "@types/gulp-newer": "latest",
        "@types/gulp-rename": "0.0.33",
        "@types/gulp-sourcemaps": "0.0.32",
        "@types/jake": "latest",
        "@types/merge2": "latest",
        "@types/microsoft__typescript-etw": "latest",
        "@types/minimatch": "latest",
        "@types/minimist": "latest",
        "@types/mkdirp": "latest",
        "@types/mocha": "latest",
        "@types/ms": "latest",
        "@types/node": "latest",
        "@types/node-fetch": "^2.3.4",
        "@types/q": "latest",
        "@types/source-map-support": "latest",
        "@types/through2": "latest",
        "@types/xml2js": "^0.4.0",
        "@typescript-eslint/eslint-plugin": "^4.28.0",
        "@typescript-eslint/experimental-utils": "^4.28.0",
        "@typescript-eslint/parser": "^4.28.0",
        "async": "latest",
        "azure-devops-node-api": "^11.0.1",
        "browser-resolve": "^1.11.2",
        "browserify": "latest",
        "chai": "latest",
        "chalk": "^4.1.2",
        "convert-source-map": "latest",
        "del": "5.1.0",
        "diff": "^4.0.2",
        "eslint": "7.12.1",
        "eslint-formatter-autolinkable-stylish": "1.1.4",
        "eslint-plugin-import": "2.22.1",
        "eslint-plugin-jsdoc": "30.7.6",
        "eslint-plugin-no-null": "1.0.2",
        "fancy-log": "latest",
        "fs-extra": "^9.0.0",
        "glob": "latest",
        "gulp": "^4.0.0",
        "gulp-concat": "latest",
        "gulp-insert": "latest",
        "gulp-newer": "latest",
        "gulp-rename": "latest",
        "gulp-sourcemaps": "latest",
        "merge2": "latest",
        "minimist": "latest",
        "mkdirp": "latest",
        "mocha": "latest",
        "mocha-fivemat-progress-reporter": "latest",
        "ms": "^2.1.3",
        "node-fetch": "^2.6.1",
        "plugin-error": "latest",
        "pretty-hrtime": "^1.0.3",
        "prex": "^0.4.3",
        "q": "latest",
        "source-map-support": "latest",
        "through2": "latest",
        "typescript": "^4.2.3",
        "vinyl": "latest",
        "vinyl-sourcemaps-apply": "latest",
        "xml2js": "^0.4.19"
      },
      "engines": {
        "node": ">=4.2.0"
      }
    },
    "../../../node_modules/.pnpm/vite@2.7.12/node_modules/vite": {
      "version": "2.7.12",
      "dev": true,
      "license": "MIT",
      "dependencies": {
        "esbuild": "^0.13.12",
        "postcss": "^8.4.5",
        "resolve": "^1.20.0",
        "rollup": "^2.59.0"
      },
      "bin": {
        "vite": "bin/vite.js"
      },
      "devDependencies": {
        "@ampproject/remapping": "^1.0.2",
        "@babel/parser": "^7.16.6",
        "@babel/types": "^7.16.0",
        "@rollup/plugin-alias": "^3.1.8",
        "@rollup/plugin-commonjs": "^21.0.1",
        "@rollup/plugin-dynamic-import-vars": "^1.4.1",
        "@rollup/plugin-json": "^4.1.0",
        "@rollup/plugin-node-resolve": "13.1.1",
        "@rollup/plugin-typescript": "^8.3.0",
        "@rollup/pluginutils": "^4.1.2",
        "@types/convert-source-map": "^1.5.2",
        "@types/debug": "^4.1.7",
        "@types/estree": "^0.0.50",
        "@types/etag": "^1.8.1",
        "@types/less": "^3.0.3",
        "@types/micromatch": "^4.0.2",
        "@types/mime": "^2.0.3",
        "@types/node": "^16.11.14",
        "@types/resolve": "^1.20.1",
        "@types/sass": "~1.43.1",
        "@types/stylus": "^0.48.36",
        "@types/ws": "^8.2.2",
        "@vue/compiler-dom": "^3.2.26",
        "acorn": "^8.7.0",
        "cac": "6.7.9",
        "chalk": "^4.1.2",
        "chokidar": "^3.5.2",
        "compression": "^1.7.4",
        "connect": "^3.7.0",
        "connect-history-api-fallback": "^1.6.0",
        "convert-source-map": "^1.8.0",
        "cors": "^2.8.5",
        "debug": "^4.3.3",
        "dotenv": "^10.0.0",
        "dotenv-expand": "^5.1.0",
        "es-module-lexer": "^0.9.3",
        "estree-walker": "^2.0.2",
        "etag": "^1.8.1",
        "execa": "^5.1.1",
        "fast-glob": "^3.2.7",
        "http-proxy": "^1.18.1",
        "launch-editor-middleware": "^2.3.0",
        "magic-string": "^0.25.7",
        "micromatch": "^4.0.4",
        "mime": "^3.0.0",
        "okie": "^1.0.1",
        "open": "^8.4.0",
        "periscopic": "^2.0.3",
        "postcss-import": "^14.0.2",
        "postcss-load-config": "^3.1.0",
        "postcss-modules": "^4.2.2",
        "resolve.exports": "^1.1.0",
        "rollup-plugin-license": "^2.6.0",
        "selfsigned": "^1.10.11",
        "sirv": "^1.0.19",
        "source-map": "^0.6.1",
        "source-map-support": "^0.5.21",
        "strip-ansi": "^6.0.1",
        "terser": "^5.10.0",
        "tsconfck": "1.1.1",
        "tslib": "^2.3.1",
        "types": "link:./types",
        "ws": "^8.3.0"
      },
      "engines": {
        "node": ">=12.2.0"
      },
      "optionalDependencies": {
        "fsevents": "~2.3.2"
      },
      "peerDependencies": {
        "less": "*",
        "sass": "*",
        "stylus": "*"
      },
      "peerDependenciesMeta": {
        "less": {
          "optional": true
        },
        "sass": {
          "optional": true
        },
        "stylus": {
          "optional": true
        }
      }
    },
    "node_modules/@babel/standalone": {
      "resolved": "../../../node_modules/.pnpm/@babel+standalone@7.16.12/node_modules/@babel/standalone",
      "link": true
    },
    "node_modules/@types/lodash": {
      "version": "4.14.178",
      "resolved": "https://registry.npmmirror.com/@types/lodash/download/@types/lodash-4.14.178.tgz",
      "integrity": "sha512-0d5Wd09ItQWH1qFbEyQ7oTQ3GZrMfth5JkbN3EvTKLXcHLRDSXeLnlvlOn0wvxVIwK5o2M8JzP/OWz7T3NRsbw==",
      "dev": true
    },
    "node_modules/@types/react": {
      "resolved": "../../../node_modules/.pnpm/@types+react@17.0.38/node_modules/@types/react",
      "link": true
    },
    "node_modules/@types/react-dom": {
      "resolved": "../../../node_modules/.pnpm/@types+react-dom@17.0.11/node_modules/@types/react-dom",
      "link": true
    },
    "node_modules/@vitejs/plugin-react": {
      "resolved": "../../../node_modules/.pnpm/@vitejs+plugin-react@1.1.4/node_modules/@vitejs/plugin-react",
      "link": true
    },
    "node_modules/acorn": {
      "resolved": "../../../node_modules/.pnpm/acorn@8.7.0/node_modules/acorn",
      "link": true
    },
    "node_modules/escodegen": {
      "resolved": "../../../node_modules/.pnpm/escodegen@2.0.0/node_modules/escodegen",
      "link": true
    },
    "node_modules/lodash": {
      "resolved": "../../../node_modules/.pnpm/lodash@4.17.21/node_modules/lodash",
      "link": true
    },
    "node_modules/object-path": {
      "resolved": "../../../node_modules/.pnpm/object-path@0.11.8/node_modules/object-path",
      "link": true
    },
    "node_modules/react": {
      "resolved": "../../../node_modules/.pnpm/react@17.0.2/node_modules/react",
      "link": true
    },
    "node_modules/react-dom": {
      "resolved": "../../../node_modules/.pnpm/react-dom@17.0.2_react@17.0.2/node_modules/react-dom",
      "link": true
    },
    "node_modules/typescript": {
      "resolved": "../../../node_modules/.pnpm/typescript@4.5.4/node_modules/typescript",
      "link": true
    },
    "node_modules/vite": {
      "resolved": "../../../node_modules/.pnpm/vite@2.7.12/node_modules/vite",
      "link": true
    }
  },
  "dependencies": {
    "@babel/standalone": {
      "version": "file:../../../node_modules/.pnpm/@babel+standalone@7.16.12/node_modules/@babel/standalone",
      "requires": {
        "@babel/core": "^7.16.12",
        "@babel/plugin-external-helpers": "^7.16.7",
        "@babel/plugin-proposal-async-generator-functions": "^7.16.8",
        "@babel/plugin-proposal-class-properties": "^7.16.7",
        "@babel/plugin-proposal-class-static-block": "^7.16.7",
        "@babel/plugin-proposal-decorators": "^7.16.7",
        "@babel/plugin-proposal-do-expressions": "^7.16.7",
        "@babel/plugin-proposal-dynamic-import": "^7.16.7",
        "@babel/plugin-proposal-export-default-from": "^7.16.7",
        "@babel/plugin-proposal-export-namespace-from": "^7.16.7",
        "@babel/plugin-proposal-function-bind": "^7.16.7",
        "@babel/plugin-proposal-function-sent": "^7.16.7",
        "@babel/plugin-proposal-json-strings": "^7.16.7",
        "@babel/plugin-proposal-logical-assignment-operators": "^7.16.7",
        "@babel/plugin-proposal-nullish-coalescing-operator": "^7.16.7",
        "@babel/plugin-proposal-numeric-separator": "^7.16.7",
        "@babel/plugin-proposal-object-rest-spread": "^7.16.7",
        "@babel/plugin-proposal-optional-catch-binding": "^7.16.7",
        "@babel/plugin-proposal-optional-chaining": "^7.16.7",
        "@babel/plugin-proposal-pipeline-operator": "^7.16.7",
        "@babel/plugin-proposal-private-methods": "^7.16.11",
        "@babel/plugin-proposal-private-property-in-object": "^7.16.7",
        "@babel/plugin-proposal-throw-expressions": "^7.16.7",
        "@babel/plugin-proposal-unicode-property-regex": "^7.16.7",
        "@babel/plugin-syntax-async-generators": "^7.8.4",
        "@babel/plugin-syntax-class-properties": "^7.12.13",
        "@babel/plugin-syntax-class-static-block": "^7.14.5",
        "@babel/plugin-syntax-decimal": "^7.16.7",
        "@babel/plugin-syntax-decorators": "^7.16.7",
        "@babel/plugin-syntax-do-expressions": "^7.16.7",
        "@babel/plugin-syntax-export-default-from": "^7.16.7",
        "@babel/plugin-syntax-flow": "^7.16.7",
        "@babel/plugin-syntax-function-bind": "^7.16.7",
        "@babel/plugin-syntax-function-sent": "^7.16.7",
        "@babel/plugin-syntax-import-assertions": "^7.16.7",
        "@babel/plugin-syntax-import-meta": "^7.10.4",
        "@babel/plugin-syntax-jsx": "^7.16.7",
        "@babel/plugin-syntax-module-blocks": "^7.16.7",
        "@babel/plugin-syntax-object-rest-spread": "^7.8.3",
        "@babel/plugin-syntax-optional-catch-binding": "^7.8.3",
        "@babel/plugin-syntax-pipeline-operator": "^7.16.7",
        "@babel/plugin-syntax-record-and-tuple": "^7.16.7",
        "@babel/plugin-syntax-top-level-await": "^7.14.5",
        "@babel/plugin-syntax-typescript": "^7.16.7",
        "@babel/plugin-transform-arrow-functions": "^7.16.7",
        "@babel/plugin-transform-async-to-generator": "^7.16.8",
        "@babel/plugin-transform-block-scoped-functions": "^7.16.7",
        "@babel/plugin-transform-block-scoping": "^7.16.7",
        "@babel/plugin-transform-classes": "^7.16.7",
        "@babel/plugin-transform-computed-properties": "^7.16.7",
        "@babel/plugin-transform-destructuring": "^7.16.7",
        "@babel/plugin-transform-dotall-regex": "^7.16.7",
        "@babel/plugin-transform-duplicate-keys": "^7.16.7",
        "@babel/plugin-transform-exponentiation-operator": "^7.16.7",
        "@babel/plugin-transform-flow-comments": "^7.16.7",
        "@babel/plugin-transform-flow-strip-types": "^7.16.7",
        "@babel/plugin-transform-for-of": "^7.16.7",
        "@babel/plugin-transform-function-name": "^7.16.7",
        "@babel/plugin-transform-instanceof": "^7.16.7",
        "@babel/plugin-transform-jscript": "^7.16.7",
        "@babel/plugin-transform-literals": "^7.16.7",
        "@babel/plugin-transform-member-expression-literals": "^7.16.7",
        "@babel/plugin-transform-modules-amd": "^7.16.7",
        "@babel/plugin-transform-modules-commonjs": "^7.16.8",
        "@babel/plugin-transform-modules-systemjs": "^7.16.7",
        "@babel/plugin-transform-modules-umd": "^7.16.7",
        "@babel/plugin-transform-named-capturing-groups-regex": "^7.16.8",
        "@babel/plugin-transform-new-target": "^7.16.7",
        "@babel/plugin-transform-object-assign": "^7.16.7",
        "@babel/plugin-transform-object-set-prototype-of-to-assign": "^7.16.7",
        "@babel/plugin-transform-object-super": "^7.16.7",
        "@babel/plugin-transform-parameters": "^7.16.7",
        "@babel/plugin-transform-property-literals": "^7.16.7",
        "@babel/plugin-transform-property-mutators": "^7.16.7",
        "@babel/plugin-transform-proto-to-assign": "^7.16.7",
        "@babel/plugin-transform-react-constant-elements": "^7.16.7",
        "@babel/plugin-transform-react-display-name": "^7.16.7",
        "@babel/plugin-transform-react-inline-elements": "^7.16.7",
        "@babel/plugin-transform-react-jsx": "^7.16.7",
        "@babel/plugin-transform-react-jsx-compat": "^7.16.7",
        "@babel/plugin-transform-react-jsx-development": "^7.16.7",
        "@babel/plugin-transform-react-jsx-self": "^7.16.7",
        "@babel/plugin-transform-react-jsx-source": "^7.16.7",
        "@babel/plugin-transform-regenerator": "^7.16.7",
        "@babel/plugin-transform-reserved-words": "^7.16.7",
        "@babel/plugin-transform-runtime": "^7.16.10",
        "@babel/plugin-transform-shorthand-properties": "^7.16.7",
        "@babel/plugin-transform-spread": "^7.16.7",
        "@babel/plugin-transform-sticky-regex": "^7.16.7",
        "@babel/plugin-transform-strict-mode": "^7.16.7",
        "@babel/plugin-transform-template-literals": "^7.16.7",
        "@babel/plugin-transform-typeof-symbol": "^7.16.7",
        "@babel/plugin-transform-typescript": "^7.16.8",
        "@babel/plugin-transform-unicode-escapes": "^7.16.7",
        "@babel/plugin-transform-unicode-regex": "^7.16.7",
        "@babel/preset-env": "^7.16.11",
        "@babel/preset-flow": "^7.16.7",
        "@babel/preset-react": "^7.16.7",
        "@babel/preset-typescript": "^7.16.7"
      }
    },
    "@types/lodash": {
      "version": "4.14.178",
      "resolved": "https://registry.npmmirror.com/@types/lodash/download/@types/lodash-4.14.178.tgz",
      "integrity": "sha512-0d5Wd09ItQWH1qFbEyQ7oTQ3GZrMfth5JkbN3EvTKLXcHLRDSXeLnlvlOn0wvxVIwK5o2M8JzP/OWz7T3NRsbw==",
      "dev": true
    },
    "@types/react": {
      "version": "file:../../../node_modules/.pnpm/@types+react@17.0.38/node_modules/@types/react",
      "requires": {
        "@types/prop-types": "*",
        "@types/scheduler": "*",
        "csstype": "^3.0.2"
      }
    },
    "@types/react-dom": {
      "version": "file:../../../node_modules/.pnpm/@types+react-dom@17.0.11/node_modules/@types/react-dom",
      "requires": {
        "@types/react": "*"
      }
    },
    "@vitejs/plugin-react": {
      "version": "file:../../../node_modules/.pnpm/@vitejs+plugin-react@1.1.4/node_modules/@vitejs/plugin-react",
      "requires": {
        "@babel/core": "^7.16.5",
        "@babel/plugin-transform-react-jsx": "^7.16.5",
        "@babel/plugin-transform-react-jsx-development": "^7.16.5",
        "@babel/plugin-transform-react-jsx-self": "^7.16.5",
        "@babel/plugin-transform-react-jsx-source": "^7.16.5",
        "@rollup/pluginutils": "^4.1.2",
        "react-refresh": "^0.11.0",
        "resolve": "^1.20.0"
      }
    },
    "acorn": {
      "version": "file:../../../node_modules/.pnpm/acorn@8.7.0/node_modules/acorn"
    },
    "escodegen": {
      "version": "file:../../../node_modules/.pnpm/escodegen@2.0.0/node_modules/escodegen",
      "requires": {
        "acorn": "^7.3.1",
        "bluebird": "^3.4.7",
        "bower-registry-client": "^1.0.0",
        "chai": "^4.2.0",
        "chai-exclude": "^2.0.2",
        "commonjs-everywhere": "^0.9.7",
        "esprima": "^4.0.1",
        "estraverse": "^5.2.0",
        "esutils": "^2.0.2",
        "gulp": "^3.8.10",
        "gulp-eslint": "^3.0.1",
        "gulp-mocha": "^3.0.1",
        "optionator": "^0.8.1",
        "semver": "^5.1.0",
        "source-map": "~0.6.1"
      }
    },
    "lodash": {
      "version": "file:../../../node_modules/.pnpm/lodash@4.17.21/node_modules/lodash"
    },
    "object-path": {
      "version": "file:../../../node_modules/.pnpm/object-path@0.11.8/node_modules/object-path",
      "requires": {
        "@mariocasciaro/benchpress": "^0.1.3",
        "chai": "^4.3.4",
        "coveralls": "^3.1.1",
        "mocha": "^9.1.0",
        "mocha-lcov-reporter": "^1.3.0",
        "nyc": "^15.1.0"
      }
    },
    "react": {
      "version": "file:../../../node_modules/.pnpm/react@17.0.2/node_modules/react",
      "requires": {
        "loose-envify": "^1.1.0",
        "object-assign": "^4.1.1"
      }
    },
    "react-dom": {
      "version": "file:../../../node_modules/.pnpm/react-dom@17.0.2_react@17.0.2/node_modules/react-dom",
      "requires": {
        "loose-envify": "^1.1.0",
        "object-assign": "^4.1.1",
        "scheduler": "^0.20.2"
      }
    },
    "typescript": {
      "version": "file:../../../node_modules/.pnpm/typescript@4.5.4/node_modules/typescript",
      "requires": {
        "@octokit/rest": "latest",
        "@types/browserify": "latest",
        "@types/chai": "latest",
        "@types/convert-source-map": "latest",
        "@types/glob": "latest",
        "@types/gulp": "^4.0.9",
        "@types/gulp-concat": "latest",
        "@types/gulp-newer": "latest",
        "@types/gulp-rename": "0.0.33",
        "@types/gulp-sourcemaps": "0.0.32",
        "@types/jake": "latest",
        "@types/merge2": "latest",
        "@types/microsoft__typescript-etw": "latest",
        "@types/minimatch": "latest",
        "@types/minimist": "latest",
        "@types/mkdirp": "latest",
        "@types/mocha": "latest",
        "@types/ms": "latest",
        "@types/node": "latest",
        "@types/node-fetch": "^2.3.4",
        "@types/q": "latest",
        "@types/source-map-support": "latest",
        "@types/through2": "latest",
        "@types/xml2js": "^0.4.0",
        "@typescript-eslint/eslint-plugin": "^4.28.0",
        "@typescript-eslint/experimental-utils": "^4.28.0",
        "@typescript-eslint/parser": "^4.28.0",
        "async": "latest",
        "azure-devops-node-api": "^11.0.1",
        "browser-resolve": "^1.11.2",
        "browserify": "latest",
        "chai": "latest",
        "chalk": "^4.1.2",
        "convert-source-map": "latest",
        "del": "5.1.0",
        "diff": "^4.0.2",
        "eslint": "7.12.1",
        "eslint-formatter-autolinkable-stylish": "1.1.4",
        "eslint-plugin-import": "2.22.1",
        "eslint-plugin-jsdoc": "30.7.6",
        "eslint-plugin-no-null": "1.0.2",
        "fancy-log": "latest",
        "fs-extra": "^9.0.0",
        "glob": "latest",
        "gulp": "^4.0.0",
        "gulp-concat": "latest",
        "gulp-insert": "latest",
        "gulp-newer": "latest",
        "gulp-rename": "latest",
        "gulp-sourcemaps": "latest",
        "merge2": "latest",
        "minimist": "latest",
        "mkdirp": "latest",
        "mocha": "latest",
        "mocha-fivemat-progress-reporter": "latest",
        "ms": "^2.1.3",
        "node-fetch": "^2.6.1",
        "plugin-error": "latest",
        "pretty-hrtime": "^1.0.3",
        "prex": "^0.4.3",
        "q": "latest",
        "source-map-support": "latest",
        "through2": "latest",
        "typescript": "^4.2.3",
        "vinyl": "latest",
        "vinyl-sourcemaps-apply": "latest",
        "xml2js": "^0.4.19"
      }
    },
    "vite": {
      "version": "file:../../../node_modules/.pnpm/vite@2.7.12/node_modules/vite",
      "requires": {
        "@ampproject/remapping": "^1.0.2",
        "@babel/parser": "^7.16.6",
        "@babel/types": "^7.16.0",
        "@rollup/plugin-alias": "^3.1.8",
        "@rollup/plugin-commonjs": "^21.0.1",
        "@rollup/plugin-dynamic-import-vars": "^1.4.1",
        "@rollup/plugin-json": "^4.1.0",
        "@rollup/plugin-node-resolve": "13.1.1",
        "@rollup/plugin-typescript": "^8.3.0",
        "@rollup/pluginutils": "^4.1.2",
        "@types/convert-source-map": "^1.5.2",
        "@types/debug": "^4.1.7",
        "@types/estree": "^0.0.50",
        "@types/etag": "^1.8.1",
        "@types/less": "^3.0.3",
        "@types/micromatch": "^4.0.2",
        "@types/mime": "^2.0.3",
        "@types/node": "^16.11.14",
        "@types/resolve": "^1.20.1",
        "@types/sass": "~1.43.1",
        "@types/stylus": "^0.48.36",
        "@types/ws": "^8.2.2",
        "@vue/compiler-dom": "^3.2.26",
        "acorn": "^8.7.0",
        "cac": "6.7.9",
        "chalk": "^4.1.2",
        "chokidar": "^3.5.2",
        "compression": "^1.7.4",
        "connect": "^3.7.0",
        "connect-history-api-fallback": "^1.6.0",
        "convert-source-map": "^1.8.0",
        "cors": "^2.8.5",
        "debug": "^4.3.3",
        "dotenv": "^10.0.0",
        "dotenv-expand": "^5.1.0",
        "es-module-lexer": "^0.9.3",
        "esbuild": "^0.13.12",
        "estree-walker": "^2.0.2",
        "etag": "^1.8.1",
        "execa": "^5.1.1",
        "fast-glob": "^3.2.7",
        "fsevents": "~2.3.2",
        "http-proxy": "^1.18.1",
        "launch-editor-middleware": "^2.3.0",
        "magic-string": "^0.25.7",
        "micromatch": "^4.0.4",
        "mime": "^3.0.0",
        "okie": "^1.0.1",
        "open": "^8.4.0",
        "periscopic": "^2.0.3",
        "postcss": "^8.4.5",
        "postcss-import": "^14.0.2",
        "postcss-load-config": "^3.1.0",
        "postcss-modules": "^4.2.2",
        "resolve": "^1.20.0",
        "resolve.exports": "^1.1.0",
        "rollup": "^2.59.0",
        "rollup-plugin-license": "^2.6.0",
        "selfsigned": "^1.10.11",
        "sirv": "^1.0.19",
        "source-map": "^0.6.1",
        "source-map-support": "^0.5.21",
        "strip-ansi": "^6.0.1",
        "terser": "^5.10.0",
        "tsconfck": "1.1.1",
        "tslib": "^2.3.1",
        "types": "link:./types",
        "ws": "^8.3.0"
      }
    }
  }
}
